
Microsoft Visual Studio Solution File, Format Version 12.00
# Visual Studio Version 17
VisualStudioVersion = 17.1.32319.34
MinimumVisualStudioVersion = 10.0.40219.1
Project("{FAE04EC0-301F-11D3-BF4B-00C04F79EFBC}") = "View", "View\View.csproj", "{FE426753-3E13-464E-8A11-FAD001655E9B}"
EndProject
Project("{FAE04EC0-301F-11D3-BF4B-00C04F79EFBC}") = "database", "database\database.csproj", "{41D39250-AF97-4C37-A7F6-DEF058AEC1FE}"
EndProject
Global
	GlobalSection(SolutionConfigurationPlatforms) = preSolution
		Debug|Any CPU = Debug|Any CPU
		Release|Any CPU = Release|Any CPU
	EndGlobalSection
	GlobalSection(ProjectConfigurationPlatforms) = postSolution
		{FE426753-3E13-464E-8A11-FAD001655E9B}.Debug|Any CPU.ActiveCfg = Debug|Any CPU
		{FE426753-3E13-464E-8A11-FAD001655E9B}.Debug|Any CPU.Build.0 = Debug|Any CPU
		{FE426753-3E13-464E-8A11-FAD001655E9B}.Release|Any CPU.ActiveCfg = Release|Any CPU
		{FE426753-3E13-464E-8A11-FAD001655E9B}.Release|Any CPU.Build.0 = Release|Any CPU
		{41D39250-AF97-4C37-A7F6-DEF058AEC1FE}.Debug|Any CPU.ActiveCfg = Debug|Any CPU
		{41D39250-AF97-4C37-A7F6-DEF058AEC1FE}.Debug|Any CPU.Build.0 = Debug|Any CPU
		{41D39250-AF97-4C37-A7F6-DEF058AEC1FE}.Release|Any CPU.ActiveCfg = Release|Any CPU
		{41D39250-AF97-4C37-A7F6-DEF058AEC1FE}.Release|Any CPU.Build.0 = Release|Any CPU
	EndGlobalSection
	GlobalSection(SolutionProperties) = preSolution
		HideSolutionNode = FALSE
	EndGlobalSection
	GlobalSection(ExtensibilityGlobals) = postSolution
		SolutionGuid = {63AF5458-3811-449B-BC01-A7A4E931B30F}
	EndGlobalSection
EndGlobal
